
Microsoft Visual Studio Solution File, Format Version 12.00
# Visual Studio Version 17
VisualStudioVersion = 17.14.36518.9 d17.14
MinimumVisualStudioVersion = 10.0.40219.1
Project("{FAE04EC0-301F-11D3-BF4B-00C04F79EFBC}") = "trylang", "trylang\trylang.csproj", "{BEBF5ECB-DFED-46BB-B9E3-A22AA57B475D}"
EndProject
Global
	GlobalSection(SolutionConfigurationPlatforms) = preSolution
		Debug|Any CPU = Debug|Any CPU
		Release|Any CPU = Release|Any CPU
	EndGlobalSection
	GlobalSection(ProjectConfigurationPlatforms) = postSolution
		{BEBF5ECB-DFED-46BB-B9E3-A22AA57B475D}.Debug|Any CPU.ActiveCfg = Debug|Any CPU
		{BEBF5ECB-DFED-46BB-B9E3-A22AA57B475D}.Debug|Any CPU.Build.0 = Debug|Any CPU
		{BEBF5ECB-DFED-46BB-B9E3-A22AA57B475D}.Release|Any CPU.ActiveCfg = Release|Any CPU
		{BEBF5ECB-DFED-46BB-B9E3-A22AA57B475D}.Release|Any CPU.Build.0 = Release|Any CPU
	EndGlobalSection
	GlobalSection(SolutionProperties) = preSolution
		HideSolutionNode = FALSE
	EndGlobalSection
	GlobalSection(ExtensibilityGlobals) = postSolution
		SolutionGuid = {4BA8C27F-470E-4F40-A685-5DD32A407FC6}
	EndGlobalSection
EndGlobal
